{
  "nodes": {
    "flake-parts": {
      "inputs": {
        "nixpkgs-lib": "nixpkgs-lib"
      },
      "locked": {
        "lastModified": 1787559586,
        "narHash": "sha256-onL0VLf9vPllmT0H/OlURIU5r5t5WIEl7t4tVNKT0Nw=",
        "owner": "hercules-ci",
        "repo": "flake-parts",
        "rev": "9d0d87172c374f89da73c1cfe6d81ae62feac1f1",
        "type": "github"
      },
      "original": {
        "owner": "hercules-ci",
        "repo": "flake-parts",
        "type": "github"
      }
    },
    "nixpkgs": {
      "locked": {
        "lastModified": 1788039129,
        "narHash": "sha256-pa4Q0qErvCvzCaaUph7Sm37RhR4xvPrYI8Lgz6k85+A=",
        "owner": "nixos",
        "repo": "nixpkgs",
        "rev": "d2f67949798825fe853f7c5d0492b8bf016d3f88",
        "type": "github"
      },
      "original": {
        "owner": "nixos",
        "ref": "nixos-unstable",
        "repo": "nixpkgs",
        "type": "github"
      }
    },
    "nixpkgs-lib": {
      "locked": {
        "lastModified": 1785031560,
        "narHash": "sha256-OmshNvn2vupOFpYinLUu+1Dnpu4n7Q5N3ggGVNHpkUI=",
        "owner": "nix-community",
        "repo": "nixpkgs.lib",
        "rev": "0e79af5e3d4dcfcd676ab5ba3f95d2e3352e078c",
        "type": "github"
      },
      "original": {
        "owner": "nix-community",
        "repo": "nixpkgs.lib",
        "type": "github"
      }
    },
    "nixpkgs-llama-cpp": {
      "locked": {
        "lastModified": 1779013856,
        "narHash": "sha256-iazdm9MsL1cqRjGywMRofRX7Njkn11or3ennqedpx4s=",
        "owner": "NixOS",
        "repo": "nixpkgs",
        "rev": "dea49413a4cf3be31dc2afb836a90eeee4a5d3c2",
        "type": "github"
      },
      "original": {
        "owner": "NixOS",
        "repo": "nixpkgs",
        "rev": "dea49413a4cf3be31dc2afb836a90eeee4a5d3c2",
        "type": "github"
      }
    },
    "nixpkgs-orca-slicer": {
      "locked": {
        "lastModified": 1772186193,
        "narHash": "sha256-D5tSxP5x7SDj/jsnQii5FzrRd5wep8H2inxz7gDokZs=",
        "owner": "NixOS",
        "repo": "nixpkgs",
        "rev": "62efab0dada7d38f14f7147bdd6c350780e9af10",
        "type": "github"
      },
      "original": {
        "owner": "NixOS",
        "repo": "nixpkgs",
        "rev": "62efab0dada7d38f14f7147bdd6c350780e9af10",
        "type": "github"
      }
    },
    "nixpkgs_2": {
      "locked": {
        "lastModified": 1786719841,
        "narHash": "sha256-QcpQOT0NQEFkI77t+YXPZqDJc35iIodG7zinieOwFUg=",
        "owner": "NixOS",
        "repo": "nixpkgs",
        "rev": "8be7bd0c83f12e2e3bbba07c9044d6fed9e66f7f",
        "type": "github"
      },
      "original": {
        "owner": "NixOS",
        "ref": "nixpkgs-unstable",
        "repo": "nixpkgs",
        "type": "github"
      }
    },
    "nixpkgs_3": {
      "locked": {
        "lastModified": 1787498568,
        "narHash": "sha256-9i/VTdusq/+NM/tz+J1Re+ojkMB8MBf0QshnYfzHz30=",
        "owner": "NixOS",
        "repo": "nixpkgs",
        "rev": "56c02bc00adcf003215cc4bd996d6efaf4cff188",
        "type": "github"
      },
      "original": {
        "owner": "NixOS",
        "ref": "nixos-unstable",
        "repo": "nixpkgs",
        "type": "github"
      }
    },
    "root": {
      "inputs": {
        "flake-parts": "flake-parts",
        "nixpkgs": "nixpkgs",
        "nixpkgs-llama-cpp": "nixpkgs-llama-cpp",
        "nixpkgs-orca-slicer": "nixpkgs-orca-slicer",
        "wrapper-modules": "wrapper-modules",
        "wrappers": "wrappers"
      }
    },
    "wrapper-modules": {
      "inputs": {
        "nixpkgs": "nixpkgs_2"
      },
      "locked": {
        "lastModified": 1787722691,
        "narHash": "sha256-bWBt7v2FhgG6WTLgSi8nYGi1zXaTdA+vTdCRdvR2vcw=",
        "owner": "BirdeeHub",
        "repo": "nix-wrapper-modules",
        "rev": "04ef216559b18214853879df862f493a9e6bb8cf",
        "type": "github"
      },
      "original": {
        "owner": "BirdeeHub",
        "repo": "nix-wrapper-modules",
        "type": "github"
      }
    },
    "wrappers": {
      "inputs": {
        "nixpkgs": "nixpkgs_3"
      },
      "locked": {
        "lastModified": 1787911509,
        "narHash": "sha256-F8vfQczEtESerlUxkQbhNQrDrD6zrIyDOWlItl7UxPY=",
        "owner": "Lassulus",
        "repo": "wrappers",
        "rev": "81c751c7c3d8b9763949939f5d1cd5557cc151d2",
        "type": "github"
      },
      "original": {
        "owner": "Lassulus",
        "repo": "wrappers",
        "type": "github"
      }
    }
  },
  "root": "root",
  "version": 7
}
